
Microsoft Visual Studio Solution File, Format Version 12.00
# Visual Studio Version 16
VisualStudioVersion = 16.0.30503.244
MinimumVisualStudioVersion = 10.0.40219.1
Project("{FAE04EC0-301F-11D3-BF4B-00C04F79EFBC}") = "Delete a Node from BST", "Delete a Node from BST\Delete a Node from BST.csproj", "{E74255DD-2A17-4411-B621-8C999552B903}"
EndProject
Global
	GlobalSection(SolutionConfigurationPlatforms) = preSolution
		Debug|Any CPU = Debug|Any CPU
		Release|Any CPU = Release|Any CPU
	EndGlobalSection
	GlobalSection(ProjectConfigurationPlatforms) = postSolution
		{E74255DD-2A17-4411-B621-8C999552B903}.Debug|Any CPU.ActiveCfg = Debug|Any CPU
		{E74255DD-2A17-4411-B621-8C999552B903}.Debug|Any CPU.Build.0 = Debug|Any CPU
		{E74255DD-2A17-4411-B621-8C999552B903}.Release|Any CPU.ActiveCfg = Release|Any CPU
		{E74255DD-2A17-4411-B621-8C999552B903}.Release|Any CPU.Build.0 = Release|Any CPU
	EndGlobalSection
	GlobalSection(SolutionProperties) = preSolution
		HideSolutionNode = FALSE
	EndGlobalSection
	GlobalSection(ExtensibilityGlobals) = postSolution
		SolutionGuid = {6A4324C2-3968-42D7-AB9E-0242AA3E9A6E}
	EndGlobalSection
EndGlobal
